
Microsoft Visual Studio Solution File, Format Version 12.00
# Visual Studio Version 16
VisualStudioVersion = 16.0.31205.134
MinimumVisualStudioVersion = 10.0.40219.1
Project("{9A19103F-16F7-4668-BE54-9A1E7A4F7556}") = "25FirstGUI", "25FirstGUI\25FirstGUI.csproj", "{886A81BB-60DB-4ECC-87B6-AB9B5CF34042}"
EndProject
Project("{9A19103F-16F7-4668-BE54-9A1E7A4F7556}") = "26AccessControl", "26AccessControl\26AccessControl.csproj", "{7C211E8D-0F1E-4C8C-82F0-ACDF0F7BE31D}"
EndProject
Project("{9A19103F-16F7-4668-BE54-9A1E7A4F7556}") = "01Nutztiere", "01Nutztiere\01Nutztiere.csproj", "{28ABB89A-032A-4AF1-B5FE-8D2D2648AD08}"
EndProject
Project("{9A19103F-16F7-4668-BE54-9A1E7A4F7556}") = "02Subtrahieren", "02Subtrahieren\02Subtrahieren.csproj", "{AF2B4203-BB1F-4646-8880-14A57846F566}"
EndProject
Project("{FAE04EC0-301F-11D3-BF4B-00C04F79EFBC}") = "28ImageBrowser", "28ImageBrowser\28ImageBrowser.csproj", "{1D0E5683-B6D8-4A5A-8A6C-592A038DEA5F}"
EndProject
Global
	GlobalSection(SolutionConfigurationPlatforms) = preSolution
		Debug|Any CPU = Debug|Any CPU
		Release|Any CPU = Release|Any CPU
	EndGlobalSection
	GlobalSection(ProjectConfigurationPlatforms) = postSolution
		{886A81BB-60DB-4ECC-87B6-AB9B5CF34042}.Debug|Any CPU.ActiveCfg = Debug|Any CPU
		{886A81BB-60DB-4ECC-87B6-AB9B5CF34042}.Debug|Any CPU.Build.0 = Debug|Any CPU
		{886A81BB-60DB-4ECC-87B6-AB9B5CF34042}.Release|Any CPU.ActiveCfg = Release|Any CPU
		{886A81BB-60DB-4ECC-87B6-AB9B5CF34042}.Release|Any CPU.Build.0 = Release|Any CPU
		{7C211E8D-0F1E-4C8C-82F0-ACDF0F7BE31D}.Debug|Any CPU.ActiveCfg = Debug|Any CPU
		{7C211E8D-0F1E-4C8C-82F0-ACDF0F7BE31D}.Debug|Any CPU.Build.0 = Debug|Any CPU
		{7C211E8D-0F1E-4C8C-82F0-ACDF0F7BE31D}.Release|Any CPU.ActiveCfg = Release|Any CPU
		{7C211E8D-0F1E-4C8C-82F0-ACDF0F7BE31D}.Release|Any CPU.Build.0 = Release|Any CPU
		{28ABB89A-032A-4AF1-B5FE-8D2D2648AD08}.Debug|Any CPU.ActiveCfg = Debug|Any CPU
		{28ABB89A-032A-4AF1-B5FE-8D2D2648AD08}.Debug|Any CPU.Build.0 = Debug|Any CPU
		{28ABB89A-032A-4AF1-B5FE-8D2D2648AD08}.Release|Any CPU.ActiveCfg = Release|Any CPU
		{28ABB89A-032A-4AF1-B5FE-8D2D2648AD08}.Release|Any CPU.Build.0 = Release|Any CPU
		{AF2B4203-BB1F-4646-8880-14A57846F566}.Debug|Any CPU.ActiveCfg = Debug|Any CPU
		{AF2B4203-BB1F-4646-8880-14A57846F566}.Debug|Any CPU.Build.0 = Debug|Any CPU
		{AF2B4203-BB1F-4646-8880-14A57846F566}.Release|Any CPU.ActiveCfg = Release|Any CPU
		{AF2B4203-BB1F-4646-8880-14A57846F566}.Release|Any CPU.Build.0 = Release|Any CPU
		{1D0E5683-B6D8-4A5A-8A6C-592A038DEA5F}.Debug|Any CPU.ActiveCfg = Debug|Any CPU
		{1D0E5683-B6D8-4A5A-8A6C-592A038DEA5F}.Debug|Any CPU.Build.0 = Debug|Any CPU
		{1D0E5683-B6D8-4A5A-8A6C-592A038DEA5F}.Release|Any CPU.ActiveCfg = Release|Any CPU
		{1D0E5683-B6D8-4A5A-8A6C-592A038DEA5F}.Release|Any CPU.Build.0 = Release|Any CPU
	EndGlobalSection
	GlobalSection(SolutionProperties) = preSolution
		HideSolutionNode = FALSE
	EndGlobalSection
	GlobalSection(ExtensibilityGlobals) = postSolution
		SolutionGuid = {BE53DFCC-BE6F-4613-80DD-8B96D55A9933}
	EndGlobalSection
EndGlobal
